// !$*UTF8*$!
{
	archiveVersion = 1;
	classes = {
	};
	objectVersion = 56;
	objects = {

/* Begin PBXBuildFile section */
		227009CC28FDD91300FD5ABE /* AppDelegate.swift in Sources */ = {isa = PBXBuildFile; fileRef = 227009CB28FDD91300FD5ABE /* AppDelegate.swift */; };
		227009CE28FDD91300FD5ABE /* SceneDelegate.swift in Sources */ = {isa = PBXBuildFile; fileRef = 227009CD28FDD91300FD5ABE /* SceneDelegate.swift */; };
		227009D628FDD91300FD5ABE /* FoodDelivery.xcdatamodeld in Sources */ = {isa = PBXBuildFile; fileRef = 227009D428FDD91300FD5ABE /* FoodDelivery.xcdatamodeld */; };
		227009D828FDD91C00FD5ABE /* Assets.xcassets in Resources */ = {isa = PBXBuildFile; fileRef = 227009D728FDD91C00FD5ABE /* Assets.xcassets */; };
		227009DB28FDD91C00FD5ABE /* LaunchScreen.storyboard in Resources */ = {isa = PBXBuildFile; fileRef = 227009D928FDD91C00FD5ABE /* LaunchScreen.storyboard */; };
		227009EB28FDDD0B00FD5ABE /* TabBarController.swift in Sources */ = {isa = PBXBuildFile; fileRef = 227009EA28FDDD0B00FD5ABE /* TabBarController.swift */; };
		227009F128FDDE7800FD5ABE /* MenuViewController.swift in Sources */ = {isa = PBXBuildFile; fileRef = 227009F028FDDE7800FD5ABE /* MenuViewController.swift */; };
		227009F328FDDE8200FD5ABE /* ContactViewController.swift in Sources */ = {isa = PBXBuildFile; fileRef = 227009F228FDDE8200FD5ABE /* ContactViewController.swift */; };
		227009F528FDDE8F00FD5ABE /* ProfileViewController.swift in Sources */ = {isa = PBXBuildFile; fileRef = 227009F428FDDE8F00FD5ABE /* ProfileViewController.swift */; };
		227009F728FDDE9A00FD5ABE /* OrderViewController.swift in Sources */ = {isa = PBXBuildFile; fileRef = 227009F628FDDE9A00FD5ABE /* OrderViewController.swift */; };
		227009FA28FEB39B00FD5ABE /* BannerTableViewCell.swift in Sources */ = {isa = PBXBuildFile; fileRef = 227009F928FEB39B00FD5ABE /* BannerTableViewCell.swift */; };
		227009FC28FF1BE200FD5ABE /* SceneBuildManager.swift in Sources */ = {isa = PBXBuildFile; fileRef = 227009FB28FF1BE200FD5ABE /* SceneBuildManager.swift */; };
		227009FE28FF1C3700FD5ABE /* MenuPresenter.swift in Sources */ = {isa = PBXBuildFile; fileRef = 227009FD28FF1C3700FD5ABE /* MenuPresenter.swift */; };
/* End PBXBuildFile section */

/* Begin PBXFileReference section */
		227009C828FDD91300FD5ABE /* FoodDelivery.app */ = {isa = PBXFileReference; explicitFileType = wrapper.application; includeInIndex = 0; path = FoodDelivery.app; sourceTree = BUILT_PRODUCTS_DIR; };
		227009CB28FDD91300FD5ABE /* AppDelegate.swift */ = {isa = PBXFileReference; lastKnownFileType = sourcecode.swift; path = AppDelegate.swift; sourceTree = "<group>"; };
		227009CD28FDD91300FD5ABE /* SceneDelegate.swift */ = {isa = PBXFileReference; lastKnownFileType = sourcecode.swift; path = SceneDelegate.swift; sourceTree = "<group>"; };
		227009D528FDD91300FD5ABE /* FoodDelivery.xcdatamodel */ = {isa = PBXFileReference; lastKnownFileType = wrapper.xcdatamodel; path = FoodDelivery.xcdatamodel; sourceTree = "<group>"; };
		227009D728FDD91C00FD5ABE /* Assets.xcassets */ = {isa = PBXFileReference; lastKnownFileType = folder.assetcatalog; path = Assets.xcassets; sourceTree = "<group>"; };
		227009DA28FDD91C00FD5ABE /* Base */ = {isa = PBXFileReference; lastKnownFileType = file.storyboard; name = Base; path = Base.lproj/LaunchScreen.storyboard; sourceTree = "<group>"; };
		227009DC28FDD91C00FD5ABE /* Info.plist */ = {isa = PBXFileReference; lastKnownFileType = text.plist.xml; path = Info.plist; sourceTree = "<group>"; };
		227009EA28FDDD0B00FD5ABE /* TabBarController.swift */ = {isa = PBXFileReference; lastKnownFileType = sourcecode.swift; path = TabBarController.swift; sourceTree = "<group>"; };
		227009F028FDDE7800FD5ABE /* MenuViewController.swift */ = {isa = PBXFileReference; lastKnownFileType = sourcecode.swift; path = MenuViewController.swift; sourceTree = "<group>"; };
		227009F228FDDE8200FD5ABE /* ContactViewController.swift */ = {isa = PBXFileReference; lastKnownFileType = sourcecode.swift; path = ContactViewController.swift; sourceTree = "<group>"; };
		227009F428FDDE8F00FD5ABE /* ProfileViewController.swift */ = {isa = PBXFileReference; lastKnownFileType = sourcecode.swift; path = ProfileViewController.swift; sourceTree = "<group>"; };
		227009F628FDDE9A00FD5ABE /* OrderViewController.swift */ = {isa = PBXFileReference; lastKnownFileType = sourcecode.swift; path = OrderViewController.swift; sourceTree = "<group>"; };
		227009F928FEB39B00FD5ABE /* BannerTableViewCell.swift */ = {isa = PBXFileReference; lastKnownFileType = sourcecode.swift; path = BannerTableViewCell.swift; sourceTree = "<group>"; };
		227009FB28FF1BE200FD5ABE /* SceneBuildManager.swift */ = {isa = PBXFileReference; lastKnownFileType = sourcecode.swift; path = SceneBuildManager.swift; sourceTree = "<group>"; };
		227009FD28FF1C3700FD5ABE /* MenuPresenter.swift */ = {isa = PBXFileReference; lastKnownFileType = sourcecode.swift; path = MenuPresenter.swift; sourceTree = "<group>"; };
/* End PBXFileReference section */

/* Begin PBXFrameworksBuildPhase section */
		227009C528FDD91300FD5ABE /* Frameworks */ = {
			isa = PBXFrameworksBuildPhase;
			buildActionMask = 2147483647;
			files = (
			);
			runOnlyForDeploymentPostprocessing = 0;
		};
/* End PBXFrameworksBuildPhase section */

/* Begin PBXGroup section */
		227009BF28FDD91300FD5ABE = {
			isa = PBXGroup;
			children = (
				227009CA28FDD91300FD5ABE /* FoodDelivery */,
				227009C928FDD91300FD5ABE /* Products */,
			);
			sourceTree = "<group>";
		};
		227009C928FDD91300FD5ABE /* Products */ = {
			isa = PBXGroup;
			children = (
				227009C828FDD91300FD5ABE /* FoodDelivery.app */,
			);
			name = Products;
			sourceTree = "<group>";
		};
		227009CA28FDD91300FD5ABE /* FoodDelivery */ = {
			isa = PBXGroup;
			children = (
				227009E228FDD9D200FD5ABE /* Application */,
				227009E428FDDC6600FD5ABE /* Core */,
				227009E828FDDCC300FD5ABE /* Scenes */,
				227009DC28FDD91C00FD5ABE /* Info.plist */,
				227009D428FDD91300FD5ABE /* FoodDelivery.xcdatamodeld */,
			);
			path = FoodDelivery;
			sourceTree = "<group>";
		};
		227009E228FDD9D200FD5ABE /* Application */ = {
			isa = PBXGroup;
			children = (
				227009E328FDD9D900FD5ABE /* Resources */,
				227009CB28FDD91300FD5ABE /* AppDelegate.swift */,
				227009CD28FDD91300FD5ABE /* SceneDelegate.swift */,
			);
			path = Application;
			sourceTree = "<group>";
		};
		227009E328FDD9D900FD5ABE /* Resources */ = {
			isa = PBXGroup;
			children = (
				227009D728FDD91C00FD5ABE /* Assets.xcassets */,
				227009D928FDD91C00FD5ABE /* LaunchScreen.storyboard */,
			);
			path = Resources;
			sourceTree = "<group>";
		};
		227009E428FDDC6600FD5ABE /* Core */ = {
			isa = PBXGroup;
			children = (
				227009F828FEB23800FD5ABE /* Cell */,
				227009E728FDDC9D00FD5ABE /* Entities */,
				227009E628FDDC8300FD5ABE /* Extensions */,
				227009E528FDDC7400FD5ABE /* Managers */,
			);
			path = Core;
			sourceTree = "<group>";
		};
		227009E528FDDC7400FD5ABE /* Managers */ = {
			isa = PBXGroup;
			children = (
				227009FB28FF1BE200FD5ABE /* SceneBuildManager.swift */,
			);
			path = Managers;
			sourceTree = "<group>";
		};
		227009E628FDDC8300FD5ABE /* Extensions */ = {
			isa = PBXGroup;
			children = (
			);
			path = Extensions;
			sourceTree = "<group>";
		};
		227009E728FDDC9D00FD5ABE /* Entities */ = {
			isa = PBXGroup;
			children = (
			);
			path = Entities;
			sourceTree = "<group>";
		};
		227009E828FDDCC300FD5ABE /* Scenes */ = {
			isa = PBXGroup;
			children = (
				227009E928FDDCF100FD5ABE /* TabBarController */,
				227009EC28FDDDBF00FD5ABE /* MenuViewController */,
				227009ED28FDDDCC00FD5ABE /* ContactViewController */,
				227009EE28FDDDE200FD5ABE /* ProfileViewController */,
				227009EF28FDDE0C00FD5ABE /* ShopBasketViewController */,
			);
			path = Scenes;
			sourceTree = "<group>";
		};
		227009E928FDDCF100FD5ABE /* TabBarController */ = {
			isa = PBXGroup;
			children = (
				227009EA28FDDD0B00FD5ABE /* TabBarController.swift */,
			);
			path = TabBarController;
			sourceTree = "<group>";
		};
		227009EC28FDDDBF00FD5ABE /* MenuViewController */ = {
			isa = PBXGroup;
			children = (
				227009F028FDDE7800FD5ABE /* MenuViewController.swift */,
				227009FD28FF1C3700FD5ABE /* MenuPresenter.swift */,
			);
			path = MenuViewController;
			sourceTree = "<group>";
		};
		227009ED28FDDDCC00FD5ABE /* ContactViewController */ = {
			isa = PBXGroup;
			children = (
				227009F228FDDE8200FD5ABE /* ContactViewController.swift */,
			);
			path = ContactViewController;
			sourceTree = "<group>";
		};
		227009EE28FDDDE200FD5ABE /* ProfileViewController */ = {
			isa = PBXGroup;
			children = (
				227009F428FDDE8F00FD5ABE /* ProfileViewController.swift */,
			);
			path = ProfileViewController;
			sourceTree = "<group>";
		};
		227009EF28FDDE0C00FD5ABE /* ShopBasketViewController */ = {
			isa = PBXGroup;
			children = (
				227009F628FDDE9A00FD5ABE /* OrderViewController.swift */,
			);
			path = ShopBasketViewController;
			sourceTree = "<group>";
		};
		227009F828FEB23800FD5ABE /* Cell */ = {
			isa = PBXGroup;
			children = (
				227009F928FEB39B00FD5ABE /* BannerTableViewCell.swift */,
			);
			path = Cell;
			sourceTree = "<group>";
		};
/* End PBXGroup section */

/* Begin PBXNativeTarget section */
		227009C728FDD91300FD5ABE /* FoodDelivery */ = {
			isa = PBXNativeTarget;
			buildConfigurationList = 227009DF28FDD91C00FD5ABE /* Build configuration list for PBXNativeTarget "FoodDelivery" */;
			buildPhases = (
				227009C428FDD91300FD5ABE /* Sources */,
				227009C528FDD91300FD5ABE /* Frameworks */,
				227009C628FDD91300FD5ABE /* Resources */,
			);
			buildRules = (
			);
			dependencies = (
			);
			name = FoodDelivery;
			productName = FoodDelivery;
			productReference = 227009C828FDD91300FD5ABE /* FoodDelivery.app */;
			productType = "com.apple.product-type.application";
		};
/* End PBXNativeTarget section */

/* Begin PBXProject section */
		227009C028FDD91300FD5ABE /* Project object */ = {
			isa = PBXProject;
			attributes = {
				BuildIndependentTargetsInParallel = 1;
				LastSwiftUpdateCheck = 1400;
				LastUpgradeCheck = 1400;
				TargetAttributes = {
					227009C728FDD91300FD5ABE = {
						CreatedOnToolsVersion = 14.0.1;
					};
				};
			};
			buildConfigurationList = 227009C328FDD91300FD5ABE /* Build configuration list for PBXProject "FoodDelivery" */;
			compatibilityVersion = "Xcode 14.0";
			developmentRegion = en;
			hasScannedForEncodings = 0;
			knownRegions = (
				en,
				Base,
			);
			mainGroup = 227009BF28FDD91300FD5ABE;
			productRefGroup = 227009C928FDD91300FD5ABE /* Products */;
			projectDirPath = "";
			projectRoot = "";
			targets = (
				227009C728FDD91300FD5ABE /* FoodDelivery */,
			);
		};
/* End PBXProject section */

/* Begin PBXResourcesBuildPhase section */
		227009C628FDD91300FD5ABE /* Resources */ = {
			isa = PBXResourcesBuildPhase;
			buildActionMask = 2147483647;
			files = (
				227009DB28FDD91C00FD5ABE /* LaunchScreen.storyboard in Resources */,
				227009D828FDD91C00FD5ABE /* Assets.xcassets in Resources */,
			);
			runOnlyForDeploymentPostprocessing = 0;
		};
/* End PBXResourcesBuildPhase section */

/* Begin PBXSourcesBuildPhase section */
		227009C428FDD91300FD5ABE /* Sources */ = {
			isa = PBXSourcesBuildPhase;
			buildActionMask = 2147483647;
			files = (
				227009D628FDD91300FD5ABE /* FoodDelivery.xcdatamodeld in Sources */,
				227009F128FDDE7800FD5ABE /* MenuViewController.swift in Sources */,
				227009EB28FDDD0B00FD5ABE /* TabBarController.swift in Sources */,
				227009FE28FF1C3700FD5ABE /* MenuPresenter.swift in Sources */,
				227009CC28FDD91300FD5ABE /* AppDelegate.swift in Sources */,
				227009F728FDDE9A00FD5ABE /* OrderViewController.swift in Sources */,
				227009FC28FF1BE200FD5ABE /* SceneBuildManager.swift in Sources */,
				227009FA28FEB39B00FD5ABE /* BannerTableViewCell.swift in Sources */,
				227009F528FDDE8F00FD5ABE /* ProfileViewController.swift in Sources */,
				227009CE28FDD91300FD5ABE /* SceneDelegate.swift in Sources */,
				227009F328FDDE8200FD5ABE /* ContactViewController.swift in Sources */,
			);
			runOnlyForDeploymentPostprocessing = 0;
		};
/* End PBXSourcesBuildPhase section */

/* Begin PBXVariantGroup section */
		227009D928FDD91C00FD5ABE /* LaunchScreen.storyboard */ = {
			isa = PBXVariantGroup;
			children = (
				227009DA28FDD91C00FD5ABE /* Base */,
			);
			name = LaunchScreen.storyboard;
			sourceTree = "<group>";
		};
/* End PBXVariantGroup section */

/* Begin XCBuildConfiguration section */
		227009DD28FDD91C00FD5ABE /* Debug */ = {
			isa = XCBuildConfiguration;
			buildSettings = {
				ALWAYS_SEARCH_USER_PATHS = NO;
				CLANG_ANALYZER_NONNULL = YES;
				CLANG_ANALYZER_NUMBER_OBJECT_CONVERSION = YES_AGGRESSIVE;
				CLANG_CXX_LANGUAGE_STANDARD = "gnu++20";
				CLANG_ENABLE_MODULES = YES;
				CLANG_ENABLE_OBJC_ARC = YES;
				CLANG_ENABLE_OBJC_WEAK = YES;
				CLANG_WARN_BLOCK_CAPTURE_AUTORELEASING = YES;
				CLANG_WARN_BOOL_CONVERSION = YES;
				CLANG_WARN_COMMA = YES;
				CLANG_WARN_CONSTANT_CONVERSION = YES;
				CLANG_WARN_DEPRECATED_OBJC_IMPLEMENTATIONS = YES;
				CLANG_WARN_DIRECT_OBJC_ISA_USAGE = YES_ERROR;
				CLANG_WARN_DOCUMENTATION_COMMENTS = YES;
				CLANG_WARN_EMPTY_BODY = YES;
				CLANG_WARN_ENUM_CONVERSION = YES;
				CLANG_WARN_INFINITE_RECURSION = YES;
				CLANG_WARN_INT_CONVERSION = YES;
				CLANG_WARN_NON_LITERAL_NULL_CONVERSION = YES;
				CLANG_WARN_OBJC_IMPLICIT_RETAIN_SELF = YES;
				CLANG_WARN_OBJC_LITERAL_CONVERSION = YES;
				CLANG_WARN_OBJC_ROOT_CLASS = YES_ERROR;
				CLANG_WARN_QUOTED_INCLUDE_IN_FRAMEWORK_HEADER = YES;
				CLANG_WARN_RANGE_LOOP_ANALYSIS = YES;
				CLANG_WARN_STRICT_PROTOTYPES = YES;
				CLANG_WARN_SUSPICIOUS_MOVE = YES;
				CLANG_WARN_UNGUARDED_AVAILABILITY = YES_AGGRESSIVE;
				CLANG_WARN_UNREACHABLE_CODE = YES;
				CLANG_WARN__DUPLICATE_METHOD_MATCH = YES;
				COPY_PHASE_STRIP = NO;
				DEBUG_INFORMATION_FORMAT = dwarf;
				ENABLE_STRICT_OBJC_MSGSEND = YES;
				ENABLE_TESTABILITY = YES;
				GCC_C_LANGUAGE_STANDARD = gnu11;
				GCC_DYNAMIC_NO_PIC = NO;
				GCC_NO_COMMON_BLOCKS = YES;
				GCC_OPTIMIZATION_LEVEL = 0;
				GCC_PREPROCESSOR_DEFINITIONS = (
					"DEBUG=1",
					"$(inherited)",
				);
				GCC_WARN_64_TO_32_BIT_CONVERSION = YES;
				GCC_WARN_ABOUT_RETURN_TYPE = YES_ERROR;
				GCC_WARN_UNDECLARED_SELECTOR = YES;
				GCC_WARN_UNINITIALIZED_AUTOS = YES_AGGRESSIVE;
				GCC_WARN_UNUSED_FUNCTION = YES;
				GCC_WARN_UNUSED_VARIABLE = YES;
				IPHONEOS_DEPLOYMENT_TARGET = 16.0;
				MTL_ENABLE_DEBUG_INFO = INCLUDE_SOURCE;
				MTL_FAST_MATH = YES;
				ONLY_ACTIVE_ARCH = YES;
				SDKROOT = iphoneos;
				SWIFT_ACTIVE_COMPILATION_CONDITIONS = DEBUG;
				SWIFT_OPTIMIZATION_LEVEL = "-Onone";
			};
			name = Debug;
		};
		227009DE28FDD91C00FD5ABE /* Release */ = {
			isa = XCBuildConfiguration;
			buildSettings = {
				ALWAYS_SEARCH_USER_PATHS = NO;
				CLANG_ANALYZER_NONNULL = YES;
				CLANG_ANALYZER_NUMBER_OBJECT_CONVERSION = YES_AGGRESSIVE;
				CLANG_CXX_LANGUAGE_STANDARD = "gnu++20";
				CLANG_ENABLE_MODULES = YES;
				CLANG_ENABLE_OBJC_ARC = YES;
				CLANG_ENABLE_OBJC_WEAK = YES;
				CLANG_WARN_BLOCK_CAPTURE_AUTORELEASING = YES;
				CLANG_WARN_BOOL_CONVERSION = YES;
				CLANG_WARN_COMMA = YES;
				CLANG_WARN_CONSTANT_CONVERSION = YES;
				CLANG_WARN_DEPRECATED_OBJC_IMPLEMENTATIONS = YES;
				CLANG_WARN_DIRECT_OBJC_ISA_USAGE = YES_ERROR;
				CLANG_WARN_DOCUMENTATION_COMMENTS = YES;
				CLANG_WARN_EMPTY_BODY = YES;
				CLANG_WARN_ENUM_CONVERSION = YES;
				CLANG_WARN_INFINITE_RECURSION = YES;
				CLANG_WARN_INT_CONVERSION = YES;
				CLANG_WARN_NON_LITERAL_NULL_CONVERSION = YES;
				CLANG_WARN_OBJC_IMPLICIT_RETAIN_SELF = YES;
				CLANG_WARN_OBJC_LITERAL_CONVERSION = YES;
				CLANG_WARN_OBJC_ROOT_CLASS = YES_ERROR;
				CLANG_WARN_QUOTED_INCLUDE_IN_FRAMEWORK_HEADER = YES;
				CLANG_WARN_RANGE_LOOP_ANALYSIS = YES;
				CLANG_WARN_STRICT_PROTOTYPES = YES;
				CLANG_WARN_SUSPICIOUS_MOVE = YES;
				CLANG_WARN_UNGUARDED_AVAILABILITY = YES_AGGRESSIVE;
				CLANG_WARN_UNREACHABLE_CODE = YES;
				CLANG_WARN__DUPLICATE_METHOD_MATCH = YES;
				COPY_PHASE_STRIP = NO;
				DEBUG_INFORMATION_FORMAT = "dwarf-with-dsym";
				ENABLE_NS_ASSERTIONS = NO;
				ENABLE_STRICT_OBJC_MSGSEND = YES;
				GCC_C_LANGUAGE_STANDARD = gnu11;
				GCC_NO_COMMON_BLOCKS = YES;
				GCC_WARN_64_TO_32_BIT_CONVERSION = YES;
				GCC_WARN_ABOUT_RETURN_TYPE = YES_ERROR;
				GCC_WARN_UNDECLARED_SELECTOR = YES;
				GCC_WARN_UNINITIALIZED_AUTOS = YES_AGGRESSIVE;
				GCC_WARN_UNUSED_FUNCTION = YES;
				GCC_WARN_UNUSED_VARIABLE = YES;
				IPHONEOS_DEPLOYMENT_TARGET = 16.0;
				MTL_ENABLE_DEBUG_INFO = NO;
				MTL_FAST_MATH = YES;
				SDKROOT = iphoneos;
				SWIFT_COMPILATION_MODE = wholemodule;
				SWIFT_OPTIMIZATION_LEVEL = "-O";
				VALIDATE_PRODUCT = YES;
			};
			name = Release;
		};
		227009E028FDD91C00FD5ABE /* Debug */ = {
			isa = XCBuildConfiguration;
			buildSettings = {
				ASSETCATALOG_COMPILER_APPICON_NAME = AppIcon;
				ASSETCATALOG_COMPILER_GLOBAL_ACCENT_COLOR_NAME = AccentColor;
				CODE_SIGN_STYLE = Automatic;
				CURRENT_PROJECT_VERSION = 1;
				DEVELOPMENT_TEAM = H456X98Q5T;
				GENERATE_INFOPLIST_FILE = YES;
				INFOPLIST_FILE = FoodDelivery/Info.plist;
				INFOPLIST_KEY_UIApplicationSupportsIndirectInputEvents = YES;
				INFOPLIST_KEY_UILaunchStoryboardName = LaunchScreen;
				INFOPLIST_KEY_UISupportedInterfaceOrientations_iPhone = UIInterfaceOrientationPortrait;
				IPHONEOS_DEPLOYMENT_TARGET = 14.0;
				LD_RUNPATH_SEARCH_PATHS = (
					"$(inherited)",
					"@executable_path/Frameworks",
				);
				MARKETING_VERSION = 1.0;
				PRODUCT_BUNDLE_IDENTIFIER = holog.FoodDelivery;
				PRODUCT_NAME = "$(TARGET_NAME)";
				SUPPORTED_PLATFORMS = "iphoneos iphonesimulator";
				SUPPORTS_MACCATALYST = NO;
				SUPPORTS_MAC_DESIGNED_FOR_IPHONE_IPAD = NO;
				SWIFT_EMIT_LOC_STRINGS = YES;
				SWIFT_VERSION = 5.0;
				TARGETED_DEVICE_FAMILY = 1;
			};
			name = Debug;
		};
		227009E128FDD91C00FD5ABE /* Release */ = {
			isa = XCBuildConfiguration;
			buildSettings = {
				ASSETCATALOG_COMPILER_APPICON_NAME = AppIcon;
				ASSETCATALOG_COMPILER_GLOBAL_ACCENT_COLOR_NAME = AccentColor;
				CODE_SIGN_STYLE = Automatic;
				CURRENT_PROJECT_VERSION = 1;
				DEVELOPMENT_TEAM = H456X98Q5T;
				GENERATE_INFOPLIST_FILE = YES;
				INFOPLIST_FILE = FoodDelivery/Info.plist;
				INFOPLIST_KEY_UIApplicationSupportsIndirectInputEvents = YES;
				INFOPLIST_KEY_UILaunchStoryboardName = LaunchScreen;
				INFOPLIST_KEY_UISupportedInterfaceOrientations_iPhone = UIInterfaceOrientationPortrait;
				IPHONEOS_DEPLOYMENT_TARGET = 14.0;
				LD_RUNPATH_SEARCH_PATHS = (
					"$(inherited)",
					"@executable_path/Frameworks",
				);
				MARKETING_VERSION = 1.0;
				PRODUCT_BUNDLE_IDENTIFIER = holog.FoodDelivery;
				PRODUCT_NAME = "$(TARGET_NAME)";
				SUPPORTED_PLATFORMS = "iphoneos iphonesimulator";
				SUPPORTS_MACCATALYST = NO;
				SUPPORTS_MAC_DESIGNED_FOR_IPHONE_IPAD = NO;
				SWIFT_EMIT_LOC_STRINGS = YES;
				SWIFT_VERSION = 5.0;
				TARGETED_DEVICE_FAMILY = 1;
			};
			name = Release;
		};
/* End XCBuildConfiguration section */

/* Begin XCConfigurationList section */
		227009C328FDD91300FD5ABE /* Build configuration list for PBXProject "FoodDelivery" */ = {
			isa = XCConfigurationList;
			buildConfigurations = (
				227009DD28FDD91C00FD5ABE /* Debug */,
				227009DE28FDD91C00FD5ABE /* Release */,
			);
			defaultConfigurationIsVisible = 0;
			defaultConfigurationName = Release;
		};
		227009DF28FDD91C00FD5ABE /* Build configuration list for PBXNativeTarget "FoodDelivery" */ = {
			isa = XCConfigurationList;
			buildConfigurations = (
				227009E028FDD91C00FD5ABE /* Debug */,
				227009E128FDD91C00FD5ABE /* Release */,
			);
			defaultConfigurationIsVisible = 0;
			defaultConfigurationName = Release;
		};
/* End XCConfigurationList section */

/* Begin XCVersionGroup section */
		227009D428FDD91300FD5ABE /* FoodDelivery.xcdatamodeld */ = {
			isa = XCVersionGroup;
			children = (
				227009D528FDD91300FD5ABE /* FoodDelivery.xcdatamodel */,
			);
			currentVersion = 227009D528FDD91300FD5ABE /* FoodDelivery.xcdatamodel */;
			path = FoodDelivery.xcdatamodeld;
			sourceTree = "<group>";
			versionGroupType = wrapper.xcdatamodel;
		};
/* End XCVersionGroup section */
	};
	rootObject = 227009C028FDD91300FD5ABE /* Project object */;
}
