// !$*UTF8*$!
{
	archiveVersion = 1;
	classes = {
	};
	objectVersion = 56;
	objects = {

/* Begin PBXBuildFile section */
		220453B128FFFB7E003D6987 /* ProductCellViewModel.swift in Sources */ = {isa = PBXBuildFile; fileRef = 220453B028FFFB7E003D6987 /* ProductCellViewModel.swift */; };
		225BFAD32900113400C49516 /* UITableVIewCell.swift in Sources */ = {isa = PBXBuildFile; fileRef = 225BFAD22900113400C49516 /* UITableVIewCell.swift */; };
		225BFAD52900121800C49516 /* UITableView.swift in Sources */ = {isa = PBXBuildFile; fileRef = 225BFAD42900121800C49516 /* UITableView.swift */; };
		225BFAD72900182500C49516 /* Section.swift in Sources */ = {isa = PBXBuildFile; fileRef = 225BFAD62900182400C49516 /* Section.swift */; };
		225BFAD9290018CB00C49516 /* PromotionsTableViewCellViewModel.swift in Sources */ = {isa = PBXBuildFile; fileRef = 225BFAD8290018CB00C49516 /* PromotionsTableViewCellViewModel.swift */; };
		225BFADE2902C85200C49516 /* PromotionsTableViewCell.swift in Sources */ = {isa = PBXBuildFile; fileRef = 225BFADD2902C85200C49516 /* PromotionsTableViewCell.swift */; };
		225BFAE02902C86E00C49516 /* PromotionCollectionViewCell.swift in Sources */ = {isa = PBXBuildFile; fileRef = 225BFADF2902C86E00C49516 /* PromotionCollectionViewCell.swift */; };
		225BFAE22902C92400C49516 /* PromotionCollectionViewCellViewModel.swift in Sources */ = {isa = PBXBuildFile; fileRef = 225BFAE12902C92400C49516 /* PromotionCollectionViewCellViewModel.swift */; };
		225BFAE42902CC3200C49516 /* CategoryCollectionViewCell.swift in Sources */ = {isa = PBXBuildFile; fileRef = 225BFAE32902CC3200C49516 /* CategoryCollectionViewCell.swift */; };
		225BFAE62902CC5900C49516 /* CategoryCellViewModel.swift in Sources */ = {isa = PBXBuildFile; fileRef = 225BFAE52902CC5900C49516 /* CategoryCellViewModel.swift */; };
		225BFAE82902D17000C49516 /* UICollectionViewCell.swift in Sources */ = {isa = PBXBuildFile; fileRef = 225BFAE72902D17000C49516 /* UICollectionViewCell.swift */; };
		225BFAEA2902D19E00C49516 /* UICollectionView.swift in Sources */ = {isa = PBXBuildFile; fileRef = 225BFAE92902D19E00C49516 /* UICollectionView.swift */; };
		225BFAEC2902DA3300C49516 /* CategoriesHeaderView.swift in Sources */ = {isa = PBXBuildFile; fileRef = 225BFAEB2902DA3300C49516 /* CategoriesHeaderView.swift */; };
		225BFAEE2902DAE600C49516 /* CategoriesHeaderViewModel.swift in Sources */ = {isa = PBXBuildFile; fileRef = 225BFAED2902DAE600C49516 /* CategoriesHeaderViewModel.swift */; };
		227009CC28FDD91300FD5ABE /* AppDelegate.swift in Sources */ = {isa = PBXBuildFile; fileRef = 227009CB28FDD91300FD5ABE /* AppDelegate.swift */; };
		227009CE28FDD91300FD5ABE /* SceneDelegate.swift in Sources */ = {isa = PBXBuildFile; fileRef = 227009CD28FDD91300FD5ABE /* SceneDelegate.swift */; };
		227009D628FDD91300FD5ABE /* FoodDelivery.xcdatamodeld in Sources */ = {isa = PBXBuildFile; fileRef = 227009D428FDD91300FD5ABE /* FoodDelivery.xcdatamodeld */; };
		227009D828FDD91C00FD5ABE /* Assets.xcassets in Resources */ = {isa = PBXBuildFile; fileRef = 227009D728FDD91C00FD5ABE /* Assets.xcassets */; };
		227009DB28FDD91C00FD5ABE /* LaunchScreen.storyboard in Resources */ = {isa = PBXBuildFile; fileRef = 227009D928FDD91C00FD5ABE /* LaunchScreen.storyboard */; };
		227009EB28FDDD0B00FD5ABE /* TabBarController.swift in Sources */ = {isa = PBXBuildFile; fileRef = 227009EA28FDDD0B00FD5ABE /* TabBarController.swift */; };
		227009F128FDDE7800FD5ABE /* MenuViewController.swift in Sources */ = {isa = PBXBuildFile; fileRef = 227009F028FDDE7800FD5ABE /* MenuViewController.swift */; };
		227009F328FDDE8200FD5ABE /* ContactViewController.swift in Sources */ = {isa = PBXBuildFile; fileRef = 227009F228FDDE8200FD5ABE /* ContactViewController.swift */; };
		227009F528FDDE8F00FD5ABE /* ProfileViewController.swift in Sources */ = {isa = PBXBuildFile; fileRef = 227009F428FDDE8F00FD5ABE /* ProfileViewController.swift */; };
		227009F728FDDE9A00FD5ABE /* OrderViewController.swift in Sources */ = {isa = PBXBuildFile; fileRef = 227009F628FDDE9A00FD5ABE /* OrderViewController.swift */; };
		227009FA28FEB39B00FD5ABE /* ProductTableViewCell.swift in Sources */ = {isa = PBXBuildFile; fileRef = 227009F928FEB39B00FD5ABE /* ProductTableViewCell.swift */; };
		227009FC28FF1BE200FD5ABE /* SceneBuildManager.swift in Sources */ = {isa = PBXBuildFile; fileRef = 227009FB28FF1BE200FD5ABE /* SceneBuildManager.swift */; };
		227009FE28FF1C3700FD5ABE /* MenuPresenter.swift in Sources */ = {isa = PBXBuildFile; fileRef = 227009FD28FF1C3700FD5ABE /* MenuPresenter.swift */; };
		22700A0128FF278800FD5ABE /* CityBarButtonView.swift in Sources */ = {isa = PBXBuildFile; fileRef = 22700A0028FF278800FD5ABE /* CityBarButtonView.swift */; };
		22700A0328FF291600FD5ABE /* make.swift in Sources */ = {isa = PBXBuildFile; fileRef = 22700A0228FF291600FD5ABE /* make.swift */; };
		22700A0528FF2DE100FD5ABE /* UIView.swift in Sources */ = {isa = PBXBuildFile; fileRef = 22700A0428FF2DE100FD5ABE /* UIView.swift */; };
		22700A0728FF2E0A00FD5ABE /* UIStackView.swift in Sources */ = {isa = PBXBuildFile; fileRef = 22700A0628FF2E0A00FD5ABE /* UIStackView.swift */; };
		22C1C67C2906A63E00E5AA7F /* ProductResponseModel.swift in Sources */ = {isa = PBXBuildFile; fileRef = 22C1C67B2906A63E00E5AA7F /* ProductResponseModel.swift */; };
		22C1C67E2906A69100E5AA7F /* ProductModel.swift in Sources */ = {isa = PBXBuildFile; fileRef = 22C1C67D2906A69100E5AA7F /* ProductModel.swift */; };
		22C1C6802906A6E700E5AA7F /* CategoryResponseModel.swift in Sources */ = {isa = PBXBuildFile; fileRef = 22C1C67F2906A6E700E5AA7F /* CategoryResponseModel.swift */; };
		22C1C6822906A71700E5AA7F /* CategoryModel.swift in Sources */ = {isa = PBXBuildFile; fileRef = 22C1C6812906A71700E5AA7F /* CategoryModel.swift */; };
		22C1C6842906A85F00E5AA7F /* PromotionResponseModel.swift in Sources */ = {isa = PBXBuildFile; fileRef = 22C1C6832906A85F00E5AA7F /* PromotionResponseModel.swift */; };
		22C1C6862906A89100E5AA7F /* PromotionModel.swift in Sources */ = {isa = PBXBuildFile; fileRef = 22C1C6852906A89100E5AA7F /* PromotionModel.swift */; };
		22C1C68E2906FDAE00E5AA7F /* products.json in Resources */ = {isa = PBXBuildFile; fileRef = 22C1C68D2906FDAE00E5AA7F /* products.json */; };
		22C1C6902906FDBB00E5AA7F /* categories.json in Resources */ = {isa = PBXBuildFile; fileRef = 22C1C68F2906FDBB00E5AA7F /* categories.json */; };
		22C1C6922906FDCB00E5AA7F /* promotions.json in Resources */ = {isa = PBXBuildFile; fileRef = 22C1C6912906FDCB00E5AA7F /* promotions.json */; };
/* End PBXBuildFile section */

/* Begin PBXFileReference section */
		220453B028FFFB7E003D6987 /* ProductCellViewModel.swift */ = {isa = PBXFileReference; lastKnownFileType = sourcecode.swift; path = ProductCellViewModel.swift; sourceTree = "<group>"; };
		225BFAD22900113400C49516 /* UITableVIewCell.swift */ = {isa = PBXFileReference; lastKnownFileType = sourcecode.swift; path = UITableVIewCell.swift; sourceTree = "<group>"; };
		225BFAD42900121800C49516 /* UITableView.swift */ = {isa = PBXFileReference; lastKnownFileType = sourcecode.swift; path = UITableView.swift; sourceTree = "<group>"; };
		225BFAD62900182400C49516 /* Section.swift */ = {isa = PBXFileReference; lastKnownFileType = sourcecode.swift; path = Section.swift; sourceTree = "<group>"; };
		225BFAD8290018CB00C49516 /* PromotionsTableViewCellViewModel.swift */ = {isa = PBXFileReference; lastKnownFileType = sourcecode.swift; path = PromotionsTableViewCellViewModel.swift; sourceTree = "<group>"; };
		225BFADD2902C85200C49516 /* PromotionsTableViewCell.swift */ = {isa = PBXFileReference; lastKnownFileType = sourcecode.swift; path = PromotionsTableViewCell.swift; sourceTree = "<group>"; };
		225BFADF2902C86E00C49516 /* PromotionCollectionViewCell.swift */ = {isa = PBXFileReference; lastKnownFileType = sourcecode.swift; path = PromotionCollectionViewCell.swift; sourceTree = "<group>"; };
		225BFAE12902C92400C49516 /* PromotionCollectionViewCellViewModel.swift */ = {isa = PBXFileReference; lastKnownFileType = sourcecode.swift; path = PromotionCollectionViewCellViewModel.swift; sourceTree = "<group>"; };
		225BFAE32902CC3200C49516 /* CategoryCollectionViewCell.swift */ = {isa = PBXFileReference; lastKnownFileType = sourcecode.swift; path = CategoryCollectionViewCell.swift; sourceTree = "<group>"; };
		225BFAE52902CC5900C49516 /* CategoryCellViewModel.swift */ = {isa = PBXFileReference; lastKnownFileType = sourcecode.swift; path = CategoryCellViewModel.swift; sourceTree = "<group>"; };
		225BFAE72902D17000C49516 /* UICollectionViewCell.swift */ = {isa = PBXFileReference; lastKnownFileType = sourcecode.swift; path = UICollectionViewCell.swift; sourceTree = "<group>"; };
		225BFAE92902D19E00C49516 /* UICollectionView.swift */ = {isa = PBXFileReference; lastKnownFileType = sourcecode.swift; path = UICollectionView.swift; sourceTree = "<group>"; };
		225BFAEB2902DA3300C49516 /* CategoriesHeaderView.swift */ = {isa = PBXFileReference; lastKnownFileType = sourcecode.swift; path = CategoriesHeaderView.swift; sourceTree = "<group>"; };
		225BFAED2902DAE600C49516 /* CategoriesHeaderViewModel.swift */ = {isa = PBXFileReference; lastKnownFileType = sourcecode.swift; path = CategoriesHeaderViewModel.swift; sourceTree = "<group>"; };
		227009C828FDD91300FD5ABE /* FoodDelivery.app */ = {isa = PBXFileReference; explicitFileType = wrapper.application; includeInIndex = 0; path = FoodDelivery.app; sourceTree = BUILT_PRODUCTS_DIR; };
		227009CB28FDD91300FD5ABE /* AppDelegate.swift */ = {isa = PBXFileReference; lastKnownFileType = sourcecode.swift; path = AppDelegate.swift; sourceTree = "<group>"; };
		227009CD28FDD91300FD5ABE /* SceneDelegate.swift */ = {isa = PBXFileReference; lastKnownFileType = sourcecode.swift; path = SceneDelegate.swift; sourceTree = "<group>"; };
		227009D528FDD91300FD5ABE /* FoodDelivery.xcdatamodel */ = {isa = PBXFileReference; lastKnownFileType = wrapper.xcdatamodel; path = FoodDelivery.xcdatamodel; sourceTree = "<group>"; };
		227009D728FDD91C00FD5ABE /* Assets.xcassets */ = {isa = PBXFileReference; lastKnownFileType = folder.assetcatalog; path = Assets.xcassets; sourceTree = "<group>"; };
		227009DA28FDD91C00FD5ABE /* Base */ = {isa = PBXFileReference; lastKnownFileType = file.storyboard; name = Base; path = Base.lproj/LaunchScreen.storyboard; sourceTree = "<group>"; };
		227009DC28FDD91C00FD5ABE /* Info.plist */ = {isa = PBXFileReference; lastKnownFileType = text.plist.xml; path = Info.plist; sourceTree = "<group>"; };
		227009EA28FDDD0B00FD5ABE /* TabBarController.swift */ = {isa = PBXFileReference; lastKnownFileType = sourcecode.swift; path = TabBarController.swift; sourceTree = "<group>"; };
		227009F028FDDE7800FD5ABE /* MenuViewController.swift */ = {isa = PBXFileReference; lastKnownFileType = sourcecode.swift; path = MenuViewController.swift; sourceTree = "<group>"; };
		227009F228FDDE8200FD5ABE /* ContactViewController.swift */ = {isa = PBXFileReference; lastKnownFileType = sourcecode.swift; path = ContactViewController.swift; sourceTree = "<group>"; };
		227009F428FDDE8F00FD5ABE /* ProfileViewController.swift */ = {isa = PBXFileReference; lastKnownFileType = sourcecode.swift; path = ProfileViewController.swift; sourceTree = "<group>"; };
		227009F628FDDE9A00FD5ABE /* OrderViewController.swift */ = {isa = PBXFileReference; lastKnownFileType = sourcecode.swift; path = OrderViewController.swift; sourceTree = "<group>"; };
		227009F928FEB39B00FD5ABE /* ProductTableViewCell.swift */ = {isa = PBXFileReference; lastKnownFileType = sourcecode.swift; path = ProductTableViewCell.swift; sourceTree = "<group>"; };
		227009FB28FF1BE200FD5ABE /* SceneBuildManager.swift */ = {isa = PBXFileReference; lastKnownFileType = sourcecode.swift; path = SceneBuildManager.swift; sourceTree = "<group>"; };
		227009FD28FF1C3700FD5ABE /* MenuPresenter.swift */ = {isa = PBXFileReference; lastKnownFileType = sourcecode.swift; path = MenuPresenter.swift; sourceTree = "<group>"; };
		22700A0028FF278800FD5ABE /* CityBarButtonView.swift */ = {isa = PBXFileReference; lastKnownFileType = sourcecode.swift; path = CityBarButtonView.swift; sourceTree = "<group>"; };
		22700A0228FF291600FD5ABE /* make.swift */ = {isa = PBXFileReference; lastKnownFileType = sourcecode.swift; path = make.swift; sourceTree = "<group>"; };
		22700A0428FF2DE100FD5ABE /* UIView.swift */ = {isa = PBXFileReference; lastKnownFileType = sourcecode.swift; path = UIView.swift; sourceTree = "<group>"; };
		22700A0628FF2E0A00FD5ABE /* UIStackView.swift */ = {isa = PBXFileReference; lastKnownFileType = sourcecode.swift; path = UIStackView.swift; sourceTree = "<group>"; };
		22C1C67B2906A63E00E5AA7F /* ProductResponseModel.swift */ = {isa = PBXFileReference; lastKnownFileType = sourcecode.swift; path = ProductResponseModel.swift; sourceTree = "<group>"; };
		22C1C67D2906A69100E5AA7F /* ProductModel.swift */ = {isa = PBXFileReference; lastKnownFileType = sourcecode.swift; path = ProductModel.swift; sourceTree = "<group>"; };
		22C1C67F2906A6E700E5AA7F /* CategoryResponseModel.swift */ = {isa = PBXFileReference; lastKnownFileType = sourcecode.swift; path = CategoryResponseModel.swift; sourceTree = "<group>"; };
		22C1C6812906A71700E5AA7F /* CategoryModel.swift */ = {isa = PBXFileReference; lastKnownFileType = sourcecode.swift; path = CategoryModel.swift; sourceTree = "<group>"; };
		22C1C6832906A85F00E5AA7F /* PromotionResponseModel.swift */ = {isa = PBXFileReference; lastKnownFileType = sourcecode.swift; path = PromotionResponseModel.swift; sourceTree = "<group>"; };
		22C1C6852906A89100E5AA7F /* PromotionModel.swift */ = {isa = PBXFileReference; lastKnownFileType = sourcecode.swift; path = PromotionModel.swift; sourceTree = "<group>"; };
		22C1C68D2906FDAE00E5AA7F /* products.json */ = {isa = PBXFileReference; fileEncoding = 4; lastKnownFileType = text.json; name = products.json; path = FoodDelivery/Core/Entities/JSON/products.json; sourceTree = SOURCE_ROOT; };
		22C1C68F2906FDBB00E5AA7F /* categories.json */ = {isa = PBXFileReference; fileEncoding = 4; lastKnownFileType = text.json; name = categories.json; path = FoodDelivery/Core/Entities/JSON/categories.json; sourceTree = SOURCE_ROOT; };
		22C1C6912906FDCB00E5AA7F /* promotions.json */ = {isa = PBXFileReference; fileEncoding = 4; lastKnownFileType = text.json; name = promotions.json; path = FoodDelivery/Core/Entities/JSON/promotions.json; sourceTree = SOURCE_ROOT; };
/* End PBXFileReference section */

/* Begin PBXFrameworksBuildPhase section */
		227009C528FDD91300FD5ABE /* Frameworks */ = {
			isa = PBXFrameworksBuildPhase;
			buildActionMask = 2147483647;
			files = (
			);
			runOnlyForDeploymentPostprocessing = 0;
		};
/* End PBXFrameworksBuildPhase section */

/* Begin PBXGroup section */
		220453AF28FFFB66003D6987 /* Models */ = {
			isa = PBXGroup;
			children = (
				225BFAD62900182400C49516 /* Section.swift */,
				22C1C6892906A8CB00E5AA7F /* PromotionModels */,
				22C1C6882906A8B800E5AA7F /* CategoryModels */,
				22C1C6872906A8A700E5AA7F /* ProductModels */,
			);
			path = Models;
			sourceTree = "<group>";
		};
		225BFADA2902C7CB00C49516 /* Cells */ = {
			isa = PBXGroup;
			children = (
				225BFADC2902C7DF00C49516 /* CollectionViewCell */,
				225BFADB2902C7D600C49516 /* TableVIewCell */,
			);
			path = Cells;
			sourceTree = "<group>";
		};
		225BFADB2902C7D600C49516 /* TableVIewCell */ = {
			isa = PBXGroup;
			children = (
				227009F928FEB39B00FD5ABE /* ProductTableViewCell.swift */,
				225BFADD2902C85200C49516 /* PromotionsTableViewCell.swift */,
			);
			path = TableVIewCell;
			sourceTree = "<group>";
		};
		225BFADC2902C7DF00C49516 /* CollectionViewCell */ = {
			isa = PBXGroup;
			children = (
				225BFADF2902C86E00C49516 /* PromotionCollectionViewCell.swift */,
				225BFAE32902CC3200C49516 /* CategoryCollectionViewCell.swift */,
			);
			path = CollectionViewCell;
			sourceTree = "<group>";
		};
		227009BF28FDD91300FD5ABE = {
			isa = PBXGroup;
			children = (
				227009CA28FDD91300FD5ABE /* FoodDelivery */,
				227009C928FDD91300FD5ABE /* Products */,
			);
			sourceTree = "<group>";
		};
		227009C928FDD91300FD5ABE /* Products */ = {
			isa = PBXGroup;
			children = (
				227009C828FDD91300FD5ABE /* FoodDelivery.app */,
			);
			name = Products;
			sourceTree = "<group>";
		};
		227009CA28FDD91300FD5ABE /* FoodDelivery */ = {
			isa = PBXGroup;
			children = (
				227009E228FDD9D200FD5ABE /* Application */,
				227009E428FDDC6600FD5ABE /* Core */,
				227009E828FDDCC300FD5ABE /* Scenes */,
				227009DC28FDD91C00FD5ABE /* Info.plist */,
				227009D428FDD91300FD5ABE /* FoodDelivery.xcdatamodeld */,
			);
			path = FoodDelivery;
			sourceTree = "<group>";
		};
		227009E228FDD9D200FD5ABE /* Application */ = {
			isa = PBXGroup;
			children = (
				227009E328FDD9D900FD5ABE /* Resources */,
				227009CB28FDD91300FD5ABE /* AppDelegate.swift */,
				227009CD28FDD91300FD5ABE /* SceneDelegate.swift */,
				22700A0228FF291600FD5ABE /* make.swift */,
			);
			path = Application;
			sourceTree = "<group>";
		};
		227009E328FDD9D900FD5ABE /* Resources */ = {
			isa = PBXGroup;
			children = (
				227009D728FDD91C00FD5ABE /* Assets.xcassets */,
				227009D928FDD91C00FD5ABE /* LaunchScreen.storyboard */,
			);
			path = Resources;
			sourceTree = "<group>";
		};
		227009E428FDDC6600FD5ABE /* Core */ = {
			isa = PBXGroup;
			children = (
				22C1C68A2906A9EE00E5AA7F /* Header */,
				225BFADA2902C7CB00C49516 /* Cells */,
				227009E728FDDC9D00FD5ABE /* Entities */,
				227009FF28FF271A00FD5ABE /* Classes */,
				227009E628FDDC8300FD5ABE /* Extensions */,
				227009E528FDDC7400FD5ABE /* Managers */,
			);
			path = Core;
			sourceTree = "<group>";
		};
		227009E528FDDC7400FD5ABE /* Managers */ = {
			isa = PBXGroup;
			children = (
				227009FB28FF1BE200FD5ABE /* SceneBuildManager.swift */,
			);
			path = Managers;
			sourceTree = "<group>";
		};
		227009E628FDDC8300FD5ABE /* Extensions */ = {
			isa = PBXGroup;
			children = (
				22700A0428FF2DE100FD5ABE /* UIView.swift */,
				22700A0628FF2E0A00FD5ABE /* UIStackView.swift */,
				225BFAD22900113400C49516 /* UITableVIewCell.swift */,
				225BFAD42900121800C49516 /* UITableView.swift */,
				225BFAE72902D17000C49516 /* UICollectionViewCell.swift */,
				225BFAE92902D19E00C49516 /* UICollectionView.swift */,
			);
			path = Extensions;
			sourceTree = "<group>";
		};
		227009E728FDDC9D00FD5ABE /* Entities */ = {
			isa = PBXGroup;
			children = (
				22C1C6932906FEC900E5AA7F /* JSON */,
				22C1C67A29069C1500E5AA7F /* ViewModels */,
				220453AF28FFFB66003D6987 /* Models */,
			);
			path = Entities;
			sourceTree = "<group>";
		};
		227009E828FDDCC300FD5ABE /* Scenes */ = {
			isa = PBXGroup;
			children = (
				227009E928FDDCF100FD5ABE /* TabBarController */,
				227009EC28FDDDBF00FD5ABE /* MenuViewController */,
				227009ED28FDDDCC00FD5ABE /* ContactViewController */,
				227009EE28FDDDE200FD5ABE /* ProfileViewController */,
				227009EF28FDDE0C00FD5ABE /* ShopBasketViewController */,
			);
			path = Scenes;
			sourceTree = "<group>";
		};
		227009E928FDDCF100FD5ABE /* TabBarController */ = {
			isa = PBXGroup;
			children = (
				227009EA28FDDD0B00FD5ABE /* TabBarController.swift */,
			);
			path = TabBarController;
			sourceTree = "<group>";
		};
		227009EC28FDDDBF00FD5ABE /* MenuViewController */ = {
			isa = PBXGroup;
			children = (
				227009F028FDDE7800FD5ABE /* MenuViewController.swift */,
				227009FD28FF1C3700FD5ABE /* MenuPresenter.swift */,
			);
			path = MenuViewController;
			sourceTree = "<group>";
		};
		227009ED28FDDDCC00FD5ABE /* ContactViewController */ = {
			isa = PBXGroup;
			children = (
				227009F228FDDE8200FD5ABE /* ContactViewController.swift */,
			);
			path = ContactViewController;
			sourceTree = "<group>";
		};
		227009EE28FDDDE200FD5ABE /* ProfileViewController */ = {
			isa = PBXGroup;
			children = (
				227009F428FDDE8F00FD5ABE /* ProfileViewController.swift */,
			);
			path = ProfileViewController;
			sourceTree = "<group>";
		};
		227009EF28FDDE0C00FD5ABE /* ShopBasketViewController */ = {
			isa = PBXGroup;
			children = (
				227009F628FDDE9A00FD5ABE /* OrderViewController.swift */,
			);
			path = ShopBasketViewController;
			sourceTree = "<group>";
		};
		227009FF28FF271A00FD5ABE /* Classes */ = {
			isa = PBXGroup;
			children = (
				22700A0028FF278800FD5ABE /* CityBarButtonView.swift */,
			);
			path = Classes;
			sourceTree = "<group>";
		};
		22C1C67A29069C1500E5AA7F /* ViewModels */ = {
			isa = PBXGroup;
			children = (
				220453B028FFFB7E003D6987 /* ProductCellViewModel.swift */,
				225BFAD8290018CB00C49516 /* PromotionsTableViewCellViewModel.swift */,
				225BFAE12902C92400C49516 /* PromotionCollectionViewCellViewModel.swift */,
				225BFAE52902CC5900C49516 /* CategoryCellViewModel.swift */,
				225BFAED2902DAE600C49516 /* CategoriesHeaderViewModel.swift */,
			);
			path = ViewModels;
			sourceTree = "<group>";
		};
		22C1C6872906A8A700E5AA7F /* ProductModels */ = {
			isa = PBXGroup;
			children = (
				22C1C67D2906A69100E5AA7F /* ProductModel.swift */,
				22C1C67B2906A63E00E5AA7F /* ProductResponseModel.swift */,
			);
			path = ProductModels;
			sourceTree = "<group>";
		};
		22C1C6882906A8B800E5AA7F /* CategoryModels */ = {
			isa = PBXGroup;
			children = (
				22C1C6812906A71700E5AA7F /* CategoryModel.swift */,
				22C1C67F2906A6E700E5AA7F /* CategoryResponseModel.swift */,
			);
			path = CategoryModels;
			sourceTree = "<group>";
		};
		22C1C6892906A8CB00E5AA7F /* PromotionModels */ = {
			isa = PBXGroup;
			children = (
				22C1C6852906A89100E5AA7F /* PromotionModel.swift */,
				22C1C6832906A85F00E5AA7F /* PromotionResponseModel.swift */,
			);
			path = PromotionModels;
			sourceTree = "<group>";
		};
		22C1C68A2906A9EE00E5AA7F /* Header */ = {
			isa = PBXGroup;
			children = (
				225BFAEB2902DA3300C49516 /* CategoriesHeaderView.swift */,
			);
			path = Header;
			sourceTree = "<group>";
		};
		22C1C6932906FEC900E5AA7F /* JSON */ = {
			isa = PBXGroup;
			children = (
				22C1C68D2906FDAE00E5AA7F /* products.json */,
				22C1C68F2906FDBB00E5AA7F /* categories.json */,
				22C1C6912906FDCB00E5AA7F /* promotions.json */,
			);
			path = JSON;
			sourceTree = "<group>";
		};
/* End PBXGroup section */

/* Begin PBXNativeTarget section */
		227009C728FDD91300FD5ABE /* FoodDelivery */ = {
			isa = PBXNativeTarget;
			buildConfigurationList = 227009DF28FDD91C00FD5ABE /* Build configuration list for PBXNativeTarget "FoodDelivery" */;
			buildPhases = (
				227009C428FDD91300FD5ABE /* Sources */,
				227009C528FDD91300FD5ABE /* Frameworks */,
				227009C628FDD91300FD5ABE /* Resources */,
			);
			buildRules = (
			);
			dependencies = (
			);
			name = FoodDelivery;
			productName = FoodDelivery;
			productReference = 227009C828FDD91300FD5ABE /* FoodDelivery.app */;
			productType = "com.apple.product-type.application";
		};
/* End PBXNativeTarget section */

/* Begin PBXProject section */
		227009C028FDD91300FD5ABE /* Project object */ = {
			isa = PBXProject;
			attributes = {
				BuildIndependentTargetsInParallel = 1;
				LastSwiftUpdateCheck = 1400;
				LastUpgradeCheck = 1400;
				TargetAttributes = {
					227009C728FDD91300FD5ABE = {
						CreatedOnToolsVersion = 14.0.1;
					};
				};
			};
			buildConfigurationList = 227009C328FDD91300FD5ABE /* Build configuration list for PBXProject "FoodDelivery" */;
			compatibilityVersion = "Xcode 14.0";
			developmentRegion = en;
			hasScannedForEncodings = 0;
			knownRegions = (
				en,
				Base,
			);
			mainGroup = 227009BF28FDD91300FD5ABE;
			productRefGroup = 227009C928FDD91300FD5ABE /* Products */;
			projectDirPath = "";
			projectRoot = "";
			targets = (
				227009C728FDD91300FD5ABE /* FoodDelivery */,
			);
		};
/* End PBXProject section */

/* Begin PBXResourcesBuildPhase section */
		227009C628FDD91300FD5ABE /* Resources */ = {
			isa = PBXResourcesBuildPhase;
			buildActionMask = 2147483647;
			files = (
				22C1C6922906FDCB00E5AA7F /* promotions.json in Resources */,
				22C1C68E2906FDAE00E5AA7F /* products.json in Resources */,
				227009DB28FDD91C00FD5ABE /* LaunchScreen.storyboard in Resources */,
				227009D828FDD91C00FD5ABE /* Assets.xcassets in Resources */,
				22C1C6902906FDBB00E5AA7F /* categories.json in Resources */,
			);
			runOnlyForDeploymentPostprocessing = 0;
		};
/* End PBXResourcesBuildPhase section */

/* Begin PBXSourcesBuildPhase section */
		227009C428FDD91300FD5ABE /* Sources */ = {
			isa = PBXSourcesBuildPhase;
			buildActionMask = 2147483647;
			files = (
				22C1C67C2906A63E00E5AA7F /* ProductResponseModel.swift in Sources */,
				227009D628FDD91300FD5ABE /* FoodDelivery.xcdatamodeld in Sources */,
				227009F128FDDE7800FD5ABE /* MenuViewController.swift in Sources */,
				220453B128FFFB7E003D6987 /* ProductCellViewModel.swift in Sources */,
				227009EB28FDDD0B00FD5ABE /* TabBarController.swift in Sources */,
				227009FE28FF1C3700FD5ABE /* MenuPresenter.swift in Sources */,
				22C1C6862906A89100E5AA7F /* PromotionModel.swift in Sources */,
				225BFAD52900121800C49516 /* UITableView.swift in Sources */,
				22C1C6822906A71700E5AA7F /* CategoryModel.swift in Sources */,
				22C1C6842906A85F00E5AA7F /* PromotionResponseModel.swift in Sources */,
				225BFAE82902D17000C49516 /* UICollectionViewCell.swift in Sources */,
				225BFAD72900182500C49516 /* Section.swift in Sources */,
				227009CC28FDD91300FD5ABE /* AppDelegate.swift in Sources */,
				227009F728FDDE9A00FD5ABE /* OrderViewController.swift in Sources */,
				225BFAE62902CC5900C49516 /* CategoryCellViewModel.swift in Sources */,
				22700A0328FF291600FD5ABE /* make.swift in Sources */,
				225BFAEE2902DAE600C49516 /* CategoriesHeaderViewModel.swift in Sources */,
				225BFAEA2902D19E00C49516 /* UICollectionView.swift in Sources */,
				225BFAD9290018CB00C49516 /* PromotionsTableViewCellViewModel.swift in Sources */,
				22700A0728FF2E0A00FD5ABE /* UIStackView.swift in Sources */,
				227009FC28FF1BE200FD5ABE /* SceneBuildManager.swift in Sources */,
				22C1C67E2906A69100E5AA7F /* ProductModel.swift in Sources */,
				227009FA28FEB39B00FD5ABE /* ProductTableViewCell.swift in Sources */,
				22C1C6802906A6E700E5AA7F /* CategoryResponseModel.swift in Sources */,
				225BFAD32900113400C49516 /* UITableVIewCell.swift in Sources */,
				227009F528FDDE8F00FD5ABE /* ProfileViewController.swift in Sources */,
				225BFAE42902CC3200C49516 /* CategoryCollectionViewCell.swift in Sources */,
				225BFADE2902C85200C49516 /* PromotionsTableViewCell.swift in Sources */,
				22700A0528FF2DE100FD5ABE /* UIView.swift in Sources */,
				227009CE28FDD91300FD5ABE /* SceneDelegate.swift in Sources */,
				227009F328FDDE8200FD5ABE /* ContactViewController.swift in Sources */,
				225BFAE02902C86E00C49516 /* PromotionCollectionViewCell.swift in Sources */,
				225BFAE22902C92400C49516 /* PromotionCollectionViewCellViewModel.swift in Sources */,
				22700A0128FF278800FD5ABE /* CityBarButtonView.swift in Sources */,
				225BFAEC2902DA3300C49516 /* CategoriesHeaderView.swift in Sources */,
			);
			runOnlyForDeploymentPostprocessing = 0;
		};
/* End PBXSourcesBuildPhase section */

/* Begin PBXVariantGroup section */
		227009D928FDD91C00FD5ABE /* LaunchScreen.storyboard */ = {
			isa = PBXVariantGroup;
			children = (
				227009DA28FDD91C00FD5ABE /* Base */,
			);
			name = LaunchScreen.storyboard;
			sourceTree = "<group>";
		};
/* End PBXVariantGroup section */

/* Begin XCBuildConfiguration section */
		227009DD28FDD91C00FD5ABE /* Debug */ = {
			isa = XCBuildConfiguration;
			buildSettings = {
				ALWAYS_SEARCH_USER_PATHS = NO;
				CLANG_ANALYZER_NONNULL = YES;
				CLANG_ANALYZER_NUMBER_OBJECT_CONVERSION = YES_AGGRESSIVE;
				CLANG_CXX_LANGUAGE_STANDARD = "gnu++20";
				CLANG_ENABLE_MODULES = YES;
				CLANG_ENABLE_OBJC_ARC = YES;
				CLANG_ENABLE_OBJC_WEAK = YES;
				CLANG_WARN_BLOCK_CAPTURE_AUTORELEASING = YES;
				CLANG_WARN_BOOL_CONVERSION = YES;
				CLANG_WARN_COMMA = YES;
				CLANG_WARN_CONSTANT_CONVERSION = YES;
				CLANG_WARN_DEPRECATED_OBJC_IMPLEMENTATIONS = YES;
				CLANG_WARN_DIRECT_OBJC_ISA_USAGE = YES_ERROR;
				CLANG_WARN_DOCUMENTATION_COMMENTS = YES;
				CLANG_WARN_EMPTY_BODY = YES;
				CLANG_WARN_ENUM_CONVERSION = YES;
				CLANG_WARN_INFINITE_RECURSION = YES;
				CLANG_WARN_INT_CONVERSION = YES;
				CLANG_WARN_NON_LITERAL_NULL_CONVERSION = YES;
				CLANG_WARN_OBJC_IMPLICIT_RETAIN_SELF = YES;
				CLANG_WARN_OBJC_LITERAL_CONVERSION = YES;
				CLANG_WARN_OBJC_ROOT_CLASS = YES_ERROR;
				CLANG_WARN_QUOTED_INCLUDE_IN_FRAMEWORK_HEADER = YES;
				CLANG_WARN_RANGE_LOOP_ANALYSIS = YES;
				CLANG_WARN_STRICT_PROTOTYPES = YES;
				CLANG_WARN_SUSPICIOUS_MOVE = YES;
				CLANG_WARN_UNGUARDED_AVAILABILITY = YES_AGGRESSIVE;
				CLANG_WARN_UNREACHABLE_CODE = YES;
				CLANG_WARN__DUPLICATE_METHOD_MATCH = YES;
				COPY_PHASE_STRIP = NO;
				DEBUG_INFORMATION_FORMAT = dwarf;
				ENABLE_STRICT_OBJC_MSGSEND = YES;
				ENABLE_TESTABILITY = YES;
				GCC_C_LANGUAGE_STANDARD = gnu11;
				GCC_DYNAMIC_NO_PIC = NO;
				GCC_NO_COMMON_BLOCKS = YES;
				GCC_OPTIMIZATION_LEVEL = 0;
				GCC_PREPROCESSOR_DEFINITIONS = (
					"DEBUG=1",
					"$(inherited)",
				);
				GCC_WARN_64_TO_32_BIT_CONVERSION = YES;
				GCC_WARN_ABOUT_RETURN_TYPE = YES_ERROR;
				GCC_WARN_UNDECLARED_SELECTOR = YES;
				GCC_WARN_UNINITIALIZED_AUTOS = YES_AGGRESSIVE;
				GCC_WARN_UNUSED_FUNCTION = YES;
				GCC_WARN_UNUSED_VARIABLE = YES;
				IPHONEOS_DEPLOYMENT_TARGET = 15.0;
				MTL_ENABLE_DEBUG_INFO = INCLUDE_SOURCE;
				MTL_FAST_MATH = YES;
				ONLY_ACTIVE_ARCH = YES;
				SDKROOT = iphoneos;
				SWIFT_ACTIVE_COMPILATION_CONDITIONS = DEBUG;
				SWIFT_OPTIMIZATION_LEVEL = "-Onone";
			};
			name = Debug;
		};
		227009DE28FDD91C00FD5ABE /* Release */ = {
			isa = XCBuildConfiguration;
			buildSettings = {
				ALWAYS_SEARCH_USER_PATHS = NO;
				CLANG_ANALYZER_NONNULL = YES;
				CLANG_ANALYZER_NUMBER_OBJECT_CONVERSION = YES_AGGRESSIVE;
				CLANG_CXX_LANGUAGE_STANDARD = "gnu++20";
				CLANG_ENABLE_MODULES = YES;
				CLANG_ENABLE_OBJC_ARC = YES;
				CLANG_ENABLE_OBJC_WEAK = YES;
				CLANG_WARN_BLOCK_CAPTURE_AUTORELEASING = YES;
				CLANG_WARN_BOOL_CONVERSION = YES;
				CLANG_WARN_COMMA = YES;
				CLANG_WARN_CONSTANT_CONVERSION = YES;
				CLANG_WARN_DEPRECATED_OBJC_IMPLEMENTATIONS = YES;
				CLANG_WARN_DIRECT_OBJC_ISA_USAGE = YES_ERROR;
				CLANG_WARN_DOCUMENTATION_COMMENTS = YES;
				CLANG_WARN_EMPTY_BODY = YES;
				CLANG_WARN_ENUM_CONVERSION = YES;
				CLANG_WARN_INFINITE_RECURSION = YES;
				CLANG_WARN_INT_CONVERSION = YES;
				CLANG_WARN_NON_LITERAL_NULL_CONVERSION = YES;
				CLANG_WARN_OBJC_IMPLICIT_RETAIN_SELF = YES;
				CLANG_WARN_OBJC_LITERAL_CONVERSION = YES;
				CLANG_WARN_OBJC_ROOT_CLASS = YES_ERROR;
				CLANG_WARN_QUOTED_INCLUDE_IN_FRAMEWORK_HEADER = YES;
				CLANG_WARN_RANGE_LOOP_ANALYSIS = YES;
				CLANG_WARN_STRICT_PROTOTYPES = YES;
				CLANG_WARN_SUSPICIOUS_MOVE = YES;
				CLANG_WARN_UNGUARDED_AVAILABILITY = YES_AGGRESSIVE;
				CLANG_WARN_UNREACHABLE_CODE = YES;
				CLANG_WARN__DUPLICATE_METHOD_MATCH = YES;
				COPY_PHASE_STRIP = NO;
				DEBUG_INFORMATION_FORMAT = "dwarf-with-dsym";
				ENABLE_NS_ASSERTIONS = NO;
				ENABLE_STRICT_OBJC_MSGSEND = YES;
				GCC_C_LANGUAGE_STANDARD = gnu11;
				GCC_NO_COMMON_BLOCKS = YES;
				GCC_WARN_64_TO_32_BIT_CONVERSION = YES;
				GCC_WARN_ABOUT_RETURN_TYPE = YES_ERROR;
				GCC_WARN_UNDECLARED_SELECTOR = YES;
				GCC_WARN_UNINITIALIZED_AUTOS = YES_AGGRESSIVE;
				GCC_WARN_UNUSED_FUNCTION = YES;
				GCC_WARN_UNUSED_VARIABLE = YES;
				IPHONEOS_DEPLOYMENT_TARGET = 15.0;
				MTL_ENABLE_DEBUG_INFO = NO;
				MTL_FAST_MATH = YES;
				SDKROOT = iphoneos;
				SWIFT_COMPILATION_MODE = wholemodule;
				SWIFT_OPTIMIZATION_LEVEL = "-O";
				VALIDATE_PRODUCT = YES;
			};
			name = Release;
		};
		227009E028FDD91C00FD5ABE /* Debug */ = {
			isa = XCBuildConfiguration;
			buildSettings = {
				ASSETCATALOG_COMPILER_APPICON_NAME = AppIcon;
				ASSETCATALOG_COMPILER_GLOBAL_ACCENT_COLOR_NAME = AccentColor;
				CODE_SIGN_STYLE = Automatic;
				CURRENT_PROJECT_VERSION = 1;
				DEVELOPMENT_TEAM = H456X98Q5T;
				GENERATE_INFOPLIST_FILE = YES;
				INFOPLIST_FILE = FoodDelivery/Info.plist;
				INFOPLIST_KEY_UIApplicationSupportsIndirectInputEvents = YES;
				INFOPLIST_KEY_UILaunchStoryboardName = LaunchScreen;
				INFOPLIST_KEY_UISupportedInterfaceOrientations_iPhone = UIInterfaceOrientationPortrait;
				IPHONEOS_DEPLOYMENT_TARGET = 15.0;
				LD_RUNPATH_SEARCH_PATHS = (
					"$(inherited)",
					"@executable_path/Frameworks",
				);
				MARKETING_VERSION = 1.0;
				PRODUCT_BUNDLE_IDENTIFIER = holog.FoodDelivery;
				PRODUCT_NAME = "$(TARGET_NAME)";
				SUPPORTED_PLATFORMS = "iphoneos iphonesimulator";
				SUPPORTS_MACCATALYST = NO;
				SUPPORTS_MAC_DESIGNED_FOR_IPHONE_IPAD = NO;
				SWIFT_EMIT_LOC_STRINGS = YES;
				SWIFT_VERSION = 5.0;
				TARGETED_DEVICE_FAMILY = 1;
			};
			name = Debug;
		};
		227009E128FDD91C00FD5ABE /* Release */ = {
			isa = XCBuildConfiguration;
			buildSettings = {
				ASSETCATALOG_COMPILER_APPICON_NAME = AppIcon;
				ASSETCATALOG_COMPILER_GLOBAL_ACCENT_COLOR_NAME = AccentColor;
				CODE_SIGN_STYLE = Automatic;
				CURRENT_PROJECT_VERSION = 1;
				DEVELOPMENT_TEAM = H456X98Q5T;
				GENERATE_INFOPLIST_FILE = YES;
				INFOPLIST_FILE = FoodDelivery/Info.plist;
				INFOPLIST_KEY_UIApplicationSupportsIndirectInputEvents = YES;
				INFOPLIST_KEY_UILaunchStoryboardName = LaunchScreen;
				INFOPLIST_KEY_UISupportedInterfaceOrientations_iPhone = UIInterfaceOrientationPortrait;
				IPHONEOS_DEPLOYMENT_TARGET = 15.0;
				LD_RUNPATH_SEARCH_PATHS = (
					"$(inherited)",
					"@executable_path/Frameworks",
				);
				MARKETING_VERSION = 1.0;
				PRODUCT_BUNDLE_IDENTIFIER = holog.FoodDelivery;
				PRODUCT_NAME = "$(TARGET_NAME)";
				SUPPORTED_PLATFORMS = "iphoneos iphonesimulator";
				SUPPORTS_MACCATALYST = NO;
				SUPPORTS_MAC_DESIGNED_FOR_IPHONE_IPAD = NO;
				SWIFT_EMIT_LOC_STRINGS = YES;
				SWIFT_VERSION = 5.0;
				TARGETED_DEVICE_FAMILY = 1;
			};
			name = Release;
		};
/* End XCBuildConfiguration section */

/* Begin XCConfigurationList section */
		227009C328FDD91300FD5ABE /* Build configuration list for PBXProject "FoodDelivery" */ = {
			isa = XCConfigurationList;
			buildConfigurations = (
				227009DD28FDD91C00FD5ABE /* Debug */,
				227009DE28FDD91C00FD5ABE /* Release */,
			);
			defaultConfigurationIsVisible = 0;
			defaultConfigurationName = Release;
		};
		227009DF28FDD91C00FD5ABE /* Build configuration list for PBXNativeTarget "FoodDelivery" */ = {
			isa = XCConfigurationList;
			buildConfigurations = (
				227009E028FDD91C00FD5ABE /* Debug */,
				227009E128FDD91C00FD5ABE /* Release */,
			);
			defaultConfigurationIsVisible = 0;
			defaultConfigurationName = Release;
		};
/* End XCConfigurationList section */

/* Begin XCVersionGroup section */
		227009D428FDD91300FD5ABE /* FoodDelivery.xcdatamodeld */ = {
			isa = XCVersionGroup;
			children = (
				227009D528FDD91300FD5ABE /* FoodDelivery.xcdatamodel */,
			);
			currentVersion = 227009D528FDD91300FD5ABE /* FoodDelivery.xcdatamodel */;
			path = FoodDelivery.xcdatamodeld;
			sourceTree = "<group>";
			versionGroupType = wrapper.xcdatamodel;
		};
/* End XCVersionGroup section */
	};
	rootObject = 227009C028FDD91300FD5ABE /* Project object */;
}
